
Microsoft Visual Studio Solution File, Format Version 12.00
# Visual Studio 15
VisualStudioVersion = 15.0.27004.2009
MinimumVisualStudioVersion = 10.0.40219.1
Project("{FAE04EC0-301F-11D3-BF4B-00C04F79EFBC}") = "LotteCinemaRepositoryManagement", "LotteCinemaRepositoryManagement\LotteCinemaRepositoryManagement.csproj", "{33C61632-ABDD-4C83-A819-8F2354198689}"
EndProject
Project("{FAE04EC0-301F-11D3-BF4B-00C04F79EFBC}") = "DataAccessLayer", "DataAccessLayer\DataAccessLayer.csproj", "{7796A10A-1CCF-4E90-8100-87AC70FA86A2}"
EndProject
Project("{FAE04EC0-301F-11D3-BF4B-00C04F79EFBC}") = "BusinessLogicLayer", "BusinessLogicLayer\BusinessLogicLayer.csproj", "{FB05CC52-7BE1-46C3-82F9-71A0B6F2F393}"
EndProject
Global
	GlobalSection(SolutionConfigurationPlatforms) = preSolution
		Debug|Any CPU = Debug|Any CPU
		Release|Any CPU = Release|Any CPU
	EndGlobalSection
	GlobalSection(ProjectConfigurationPlatforms) = postSolution
		{33C61632-ABDD-4C83-A819-8F2354198689}.Debug|Any CPU.ActiveCfg = Debug|Any CPU
		{33C61632-ABDD-4C83-A819-8F2354198689}.Debug|Any CPU.Build.0 = Debug|Any CPU
		{33C61632-ABDD-4C83-A819-8F2354198689}.Release|Any CPU.ActiveCfg = Release|Any CPU
		{33C61632-ABDD-4C83-A819-8F2354198689}.Release|Any CPU.Build.0 = Release|Any CPU
		{7796A10A-1CCF-4E90-8100-87AC70FA86A2}.Debug|Any CPU.ActiveCfg = Debug|Any CPU
		{7796A10A-1CCF-4E90-8100-87AC70FA86A2}.Debug|Any CPU.Build.0 = Debug|Any CPU
		{7796A10A-1CCF-4E90-8100-87AC70FA86A2}.Release|Any CPU.ActiveCfg = Release|Any CPU
		{7796A10A-1CCF-4E90-8100-87AC70FA86A2}.Release|Any CPU.Build.0 = Release|Any CPU
		{FB05CC52-7BE1-46C3-82F9-71A0B6F2F393}.Debug|Any CPU.ActiveCfg = Debug|Any CPU
		{FB05CC52-7BE1-46C3-82F9-71A0B6F2F393}.Debug|Any CPU.Build.0 = Debug|Any CPU
		{FB05CC52-7BE1-46C3-82F9-71A0B6F2F393}.Release|Any CPU.ActiveCfg = Release|Any CPU
		{FB05CC52-7BE1-46C3-82F9-71A0B6F2F393}.Release|Any CPU.Build.0 = Release|Any CPU
	EndGlobalSection
	GlobalSection(SolutionProperties) = preSolution
		HideSolutionNode = FALSE
	EndGlobalSection
	GlobalSection(ExtensibilityGlobals) = postSolution
		SolutionGuid = {63EBDB8E-DB42-4353-B6C2-3DA965ACF78E}
	EndGlobalSection
EndGlobal
